dependencies:
  cmake_utilities:
    component_hash: null
    source:
      path: C:\ESP32\ESPectrum2\components\cmake_utilities
      type: local
    version: 0.4.4
  idf:
    component_hash: null
    source:
      type: idf
    version: 4.4.5
manifest_hash: e5255494cc2485d3e8598c0699f9610244f6566f98310c7695473d1f1b5f8f0b
target: esp32
version: 1.0.0
